Microsoft Visual Studio Solution File, Format Version 12.00
# Visual Studio Version 17
VisualStudioVersion = 17.0.31903.59
MinimumVisualStudioVersion = 10.0.40219.1
Project("{FAE04EC0-301F-11D3-BF4B-00C04F79EFBC}") = "WpfAiRunner", "WpfAiRunner\WpfAiRunner.csproj", "{F474CBBC-00D2-7154-29B6-9CC2E09ED291}"
	ProjectSection(ProjectDependencies) = postProject
		{E6092C30-15EF-4E8B-BA8A-D4D72A0DC967} = {E6092C30-15EF-4E8B-BA8A-D4D72A0DC967}
	EndProjectSection
EndProject
Project("{FAE04EC0-301F-11D3-BF4B-00C04F79EFBC}") = "OnnxEngines", "OnnxEngines\OnnxEngines.csproj", "{E6092C30-15EF-4E8B-BA8A-D4D72A0DC967}"
EndProject
Project("{FAE04EC0-301F-11D3-BF4B-00C04F79EFBC}") = "SD1.5Engine", "SD1.5Engine\SD1.5Engine.csproj", "{33A43710-D959-D936-DDC7-561B6C3E35A4}"
EndProject
Global
	GlobalSection(SolutionConfigurationPlatforms) = preSolution
		Debug|x64 = Debug|x64
		Release|x64 = Release|x64
	EndGlobalSection
	GlobalSection(ProjectConfigurationPlatforms) = postSolution
		{F474CBBC-00D2-7154-29B6-9CC2E09ED291}.Debug|x64.ActiveCfg = Debug|x64
		{F474CBBC-00D2-7154-29B6-9CC2E09ED291}.Debug|x64.Build.0 = Debug|x64
		{F474CBBC-00D2-7154-29B6-9CC2E09ED291}.Release|x64.ActiveCfg = Release|x64
		{F474CBBC-00D2-7154-29B6-9CC2E09ED291}.Release|x64.Build.0 = Release|x64
		{E6092C30-15EF-4E8B-BA8A-D4D72A0DC967}.Debug|x64.ActiveCfg = Debug|x64
		{E6092C30-15EF-4E8B-BA8A-D4D72A0DC967}.Debug|x64.Build.0 = Debug|x64
		{E6092C30-15EF-4E8B-BA8A-D4D72A0DC967}.Release|x64.ActiveCfg = Release|x64
		{E6092C30-15EF-4E8B-BA8A-D4D72A0DC967}.Release|x64.Build.0 = Release|x64
		{33A43710-D959-D936-DDC7-561B6C3E35A4}.Debug|x64.ActiveCfg = Debug|x64
		{33A43710-D959-D936-DDC7-561B6C3E35A4}.Debug|x64.Build.0 = Debug|x64
		{33A43710-D959-D936-DDC7-561B6C3E35A4}.Release|x64.ActiveCfg = Release|x64
		{33A43710-D959-D936-DDC7-561B6C3E35A4}.Release|x64.Build.0 = Release|x64
	EndGlobalSection
	GlobalSection(SolutionProperties) = preSolution
		HideSolutionNode = FALSE
	EndGlobalSection
	GlobalSection(ExtensibilityGlobals) = postSolution
		SolutionGuid = {30B97A62-E328-4E90-86C8-1DBBB367646B}
	EndGlobalSection
EndGlobal
